
Microsoft Visual Studio Solution File, Format Version 12.00
# Visual Studio Version 17
VisualStudioVersion = 17.10.34928.147
MinimumVisualStudioVersion = 10.0.40219.1
Project("{FAE04EC0-301F-11D3-BF4B-00C04F79EFBC}") = "todolist", "todolist\todolist.csproj", "{45A6353C-47DB-4DE2-A05C-60BB2DEFD969}"
EndProject
Global
	GlobalSection(SolutionConfigurationPlatforms) = preSolution
		Debug|Any CPU = Debug|Any CPU
		Release|Any CPU = Release|Any CPU
	EndGlobalSection
	GlobalSection(ProjectConfigurationPlatforms) = postSolution
		{45A6353C-47DB-4DE2-A05C-60BB2DEFD969}.Debug|Any CPU.ActiveCfg = Debug|Any CPU
		{45A6353C-47DB-4DE2-A05C-60BB2DEFD969}.Debug|Any CPU.Build.0 = Debug|Any CPU
		{45A6353C-47DB-4DE2-A05C-60BB2DEFD969}.Release|Any CPU.ActiveCfg = Release|Any CPU
		{45A6353C-47DB-4DE2-A05C-60BB2DEFD969}.Release|Any CPU.Build.0 = Release|Any CPU
	EndGlobalSection
	GlobalSection(SolutionProperties) = preSolution
		HideSolutionNode = FALSE
	EndGlobalSection
	GlobalSection(ExtensibilityGlobals) = postSolution
		SolutionGuid = {06222C5C-D848-41C8-A326-26E0372F67B7}
	EndGlobalSection
EndGlobal
